
Microsoft Visual Studio Solution File, Format Version 12.00
# Visual Studio Version 16
VisualStudioVersion = 16.0.31105.61
MinimumVisualStudioVersion = 10.0.40219.1
Project("{FAE04EC0-301F-11D3-BF4B-00C04F79EFBC}") = "Lesson4", "Lesson4\Lesson4.csproj", "{6601FCC2-77EE-4FCE-A070-4D4582D01ED6}"
EndProject
Global
	GlobalSection(SolutionConfigurationPlatforms) = preSolution
		Debug|Any CPU = Debug|Any CPU
		Release|Any CPU = Release|Any CPU
	EndGlobalSection
	GlobalSection(ProjectConfigurationPlatforms) = postSolution
		{6601FCC2-77EE-4FCE-A070-4D4582D01ED6}.Debug|Any CPU.ActiveCfg = Debug|Any CPU
		{6601FCC2-77EE-4FCE-A070-4D4582D01ED6}.Debug|Any CPU.Build.0 = Debug|Any CPU
		{6601FCC2-77EE-4FCE-A070-4D4582D01ED6}.Release|Any CPU.ActiveCfg = Release|Any CPU
		{6601FCC2-77EE-4FCE-A070-4D4582D01ED6}.Release|Any CPU.Build.0 = Release|Any CPU
	EndGlobalSection
	GlobalSection(SolutionProperties) = preSolution
		HideSolutionNode = FALSE
	EndGlobalSection
	GlobalSection(ExtensibilityGlobals) = postSolution
		SolutionGuid = {DD4CD217-85B4-4C30-984E-C754B5C5FEA2}
	EndGlobalSection
EndGlobal
