
Microsoft Visual Studio Solution File, Format Version 12.00
# Visual Studio Version 16
VisualStudioVersion = 16.0.31205.134
MinimumVisualStudioVersion = 10.0.40219.1
Project("{FAE04EC0-301F-11D3-BF4B-00C04F79EFBC}") = "Lesson7", "Lesson7\Lesson7.csproj", "{438C3F6A-4A21-4A90-A221-D9C71DD8FD4B}"
EndProject
Global
	GlobalSection(SolutionConfigurationPlatforms) = preSolution
		Debug|Any CPU = Debug|Any CPU
		Release|Any CPU = Release|Any CPU
	EndGlobalSection
	GlobalSection(ProjectConfigurationPlatforms) = postSolution
		{438C3F6A-4A21-4A90-A221-D9C71DD8FD4B}.Debug|Any CPU.ActiveCfg = Debug|Any CPU
		{438C3F6A-4A21-4A90-A221-D9C71DD8FD4B}.Debug|Any CPU.Build.0 = Debug|Any CPU
		{438C3F6A-4A21-4A90-A221-D9C71DD8FD4B}.Release|Any CPU.ActiveCfg = Release|Any CPU
		{438C3F6A-4A21-4A90-A221-D9C71DD8FD4B}.Release|Any CPU.Build.0 = Release|Any CPU
	EndGlobalSection
	GlobalSection(SolutionProperties) = preSolution
		HideSolutionNode = FALSE
	EndGlobalSection
	GlobalSection(ExtensibilityGlobals) = postSolution
		SolutionGuid = {E21DCED0-9132-4F65-8502-924124815C0E}
	EndGlobalSection
EndGlobal
